
Microsoft Visual Studio Solution File, Format Version 12.00
# Visual Studio Version 17
VisualStudioVersion = 17.0.32112.339
MinimumVisualStudioVersion = 10.0.40219.1
Project("{FAE04EC0-301F-11D3-BF4B-00C04F79EFBC}") = "ConsoleApp3", "ConsoleApp3\ConsoleApp3.csproj", "{4531B34F-C836-4EDB-BEC7-E40F7C5B892B}"
EndProject
Global
	GlobalSection(SolutionConfigurationPlatforms) = preSolution
		Debug|Any CPU = Debug|Any CPU
		Release|Any CPU = Release|Any CPU
	EndGlobalSection
	GlobalSection(ProjectConfigurationPlatforms) = postSolution
		{4531B34F-C836-4EDB-BEC7-E40F7C5B892B}.Debug|Any CPU.ActiveCfg = Debug|Any CPU
		{4531B34F-C836-4EDB-BEC7-E40F7C5B892B}.Debug|Any CPU.Build.0 = Debug|Any CPU
		{4531B34F-C836-4EDB-BEC7-E40F7C5B892B}.Release|Any CPU.ActiveCfg = Release|Any CPU
		{4531B34F-C836-4EDB-BEC7-E40F7C5B892B}.Release|Any CPU.Build.0 = Release|Any CPU
	EndGlobalSection
	GlobalSection(SolutionProperties) = preSolution
		HideSolutionNode = FALSE
	EndGlobalSection
	GlobalSection(ExtensibilityGlobals) = postSolution
		SolutionGuid = {A44C9729-1770-444F-A17E-9FBF8A49C9D5}
	EndGlobalSection
EndGlobal
